
Microsoft Visual Studio Solution File, Format Version 12.00
# Visual Studio Version 17
VisualStudioVersion = 17.5.33627.172
MinimumVisualStudioVersion = 10.0.40219.1
Project("{9A19103F-16F7-4668-BE54-9A1E7A4F7556}") = "ArmutProjesi", "ArmutProjesi\ArmutProjesi.csproj", "{8963A822-F5CD-45F6-8F1A-3214FACB3294}"
EndProject
Project("{9A19103F-16F7-4668-BE54-9A1E7A4F7556}") = "BusinessLayer", "BusinessLayer\BusinessLayer.csproj", "{76A626BD-557F-470C-BE29-6012FCB36072}"
EndProject
Project("{9A19103F-16F7-4668-BE54-9A1E7A4F7556}") = "DataAccessLayer", "DataAccessLayer\DataAccessLayer.csproj", "{CA8809F2-83B4-4080-8C68-4023010405EB}"
EndProject
Project("{9A19103F-16F7-4668-BE54-9A1E7A4F7556}") = "EntityLayer", "EntityLayer\EntityLayer.csproj", "{4335E3C6-302A-41CC-8641-9349930EF67D}"
EndProject
Project("{FAE04EC0-301F-11D3-BF4B-00C04F79EFBC}") = "CoreLayer", "CoreLayer\CoreLayer.csproj", "{EACA441C-EAFB-4D00-8B13-E3694856DBD0}"
EndProject
Global
	GlobalSection(SolutionConfigurationPlatforms) = preSolution
		Debug|Any CPU = Debug|Any CPU
		Release|Any CPU = Release|Any CPU
	EndGlobalSection
	GlobalSection(ProjectConfigurationPlatforms) = postSolution
		{8963A822-F5CD-45F6-8F1A-3214FACB3294}.Debug|Any CPU.ActiveCfg = Debug|Any CPU
		{8963A822-F5CD-45F6-8F1A-3214FACB3294}.Debug|Any CPU.Build.0 = Debug|Any CPU
		{8963A822-F5CD-45F6-8F1A-3214FACB3294}.Release|Any CPU.ActiveCfg = Release|Any CPU
		{8963A822-F5CD-45F6-8F1A-3214FACB3294}.Release|Any CPU.Build.0 = Release|Any CPU
		{76A626BD-557F-470C-BE29-6012FCB36072}.Debug|Any CPU.ActiveCfg = Debug|Any CPU
		{76A626BD-557F-470C-BE29-6012FCB36072}.Debug|Any CPU.Build.0 = Debug|Any CPU
		{76A626BD-557F-470C-BE29-6012FCB36072}.Release|Any CPU.ActiveCfg = Release|Any CPU
		{76A626BD-557F-470C-BE29-6012FCB36072}.Release|Any CPU.Build.0 = Release|Any CPU
		{CA8809F2-83B4-4080-8C68-4023010405EB}.Debug|Any CPU.ActiveCfg = Debug|Any CPU
		{CA8809F2-83B4-4080-8C68-4023010405EB}.Debug|Any CPU.Build.0 = Debug|Any CPU
		{CA8809F2-83B4-4080-8C68-4023010405EB}.Release|Any CPU.ActiveCfg = Release|Any CPU
		{CA8809F2-83B4-4080-8C68-4023010405EB}.Release|Any CPU.Build.0 = Release|Any CPU
		{4335E3C6-302A-41CC-8641-9349930EF67D}.Debug|Any CPU.ActiveCfg = Debug|Any CPU
		{4335E3C6-302A-41CC-8641-9349930EF67D}.Debug|Any CPU.Build.0 = Debug|Any CPU
		{4335E3C6-302A-41CC-8641-9349930EF67D}.Release|Any CPU.ActiveCfg = Release|Any CPU
		{4335E3C6-302A-41CC-8641-9349930EF67D}.Release|Any CPU.Build.0 = Release|Any CPU
		{EACA441C-EAFB-4D00-8B13-E3694856DBD0}.Debug|Any CPU.ActiveCfg = Debug|Any CPU
		{EACA441C-EAFB-4D00-8B13-E3694856DBD0}.Debug|Any CPU.Build.0 = Debug|Any CPU
		{EACA441C-EAFB-4D00-8B13-E3694856DBD0}.Release|Any CPU.ActiveCfg = Release|Any CPU
		{EACA441C-EAFB-4D00-8B13-E3694856DBD0}.Release|Any CPU.Build.0 = Release|Any CPU
	EndGlobalSection
	GlobalSection(SolutionProperties) = preSolution
		HideSolutionNode = FALSE
	EndGlobalSection
	GlobalSection(ExtensibilityGlobals) = postSolution
		SolutionGuid = {C6673343-5102-4D94-B62F-B9078629B278}
	EndGlobalSection
EndGlobal
